
Microsoft Visual Studio Solution File, Format Version 12.00
# Visual Studio Version 17
VisualStudioVersion = 17.3.32901.215
MinimumVisualStudioVersion = 10.0.40219.1
Project("{FAE04EC0-301F-11D3-BF4B-00C04F79EFBC}") = "campoMinado", "campoMinado\campoMinado.csproj", "{6786E30B-B2EA-43E3-AE7F-90FA19274BF3}"
EndProject
Global
	GlobalSection(SolutionConfigurationPlatforms) = preSolution
		Debug|Any CPU = Debug|Any CPU
		Release|Any CPU = Release|Any CPU
	EndGlobalSection
	GlobalSection(ProjectConfigurationPlatforms) = postSolution
		{6786E30B-B2EA-43E3-AE7F-90FA19274BF3}.Debug|Any CPU.ActiveCfg = Debug|Any CPU
		{6786E30B-B2EA-43E3-AE7F-90FA19274BF3}.Debug|Any CPU.Build.0 = Debug|Any CPU
		{6786E30B-B2EA-43E3-AE7F-90FA19274BF3}.Release|Any CPU.ActiveCfg = Release|Any CPU
		{6786E30B-B2EA-43E3-AE7F-90FA19274BF3}.Release|Any CPU.Build.0 = Release|Any CPU
	EndGlobalSection
	GlobalSection(SolutionProperties) = preSolution
		HideSolutionNode = FALSE
	EndGlobalSection
	GlobalSection(ExtensibilityGlobals) = postSolution
		SolutionGuid = {27372A86-E9E0-4134-BD15-0627E8CA6CC9}
	EndGlobalSection
EndGlobal
